// !$*UTF8*$!
{
	archiveVersion = 1;
	classes = {
	};
	objectVersion = 46;
	objects = {

/* Begin PBXAggregateTarget section */
		"GameOfLifeCore::GameOfLife-cli::ProductTarget" /* GameOfLife-cli */ = {
			isa = PBXAggregateTarget;
			buildConfigurationList = OBJ_27 /* Build configuration list for PBXAggregateTarget "GameOfLife-cli" */;
			buildPhases = (
			);
			dependencies = (
				OBJ_30 /* PBXTargetDependency */,
			);
			name = "GameOfLife-cli";
			productName = "GameOfLife-cli";
		};
		"GameOfLifeCore::GameOfLifeCorePackageTests::ProductTarget" /* GameOfLifeCorePackageTests */ = {
			isa = PBXAggregateTarget;
			buildConfigurationList = OBJ_49 /* Build configuration list for PBXAggregateTarget "GameOfLifeCorePackageTests" */;
			buildPhases = (
			);
			dependencies = (
				OBJ_52 /* PBXTargetDependency */,
			);
			name = GameOfLifeCorePackageTests;
			productName = GameOfLifeCorePackageTests;
		};
/* End PBXAggregateTarget section */

/* Begin PBXBuildFile section */
		3B30FCFB207263FA00F75E0E /* Cell.swift in Sources */ = {isa = PBXBuildFile; fileRef = OBJ_12 /* Cell.swift */; };
		3B30FCFC207263FA00F75E0E /* CellController.swift in Sources */ = {isa = PBXBuildFile; fileRef = OBJ_13 /* CellController.swift */; };
		3B30FCFD207263FA00F75E0E /* GameOfLife.swift in Sources */ = {isa = PBXBuildFile; fileRef = OBJ_14 /* GameOfLife.swift */; };
		3B30FCFE207263FA00F75E0E /* PopulationController.swift in Sources */ = {isa = PBXBuildFile; fileRef = OBJ_15 /* PopulationController.swift */; };
		OBJ_37 /* Cell.swift in Sources */ = {isa = PBXBuildFile; fileRef = OBJ_12 /* Cell.swift */; };
		OBJ_38 /* CellController.swift in Sources */ = {isa = PBXBuildFile; fileRef = OBJ_13 /* CellController.swift */; };
		OBJ_39 /* GameOfLife.swift in Sources */ = {isa = PBXBuildFile; fileRef = OBJ_14 /* GameOfLife.swift */; };
		OBJ_40 /* PopulationController.swift in Sources */ = {isa = PBXBuildFile; fileRef = OBJ_15 /* PopulationController.swift */; };
		OBJ_47 /* Package.swift in Sources */ = {isa = PBXBuildFile; fileRef = OBJ_6 /* Package.swift */; };
		OBJ_58 /* CellControllerTests.swift in Sources */ = {isa = PBXBuildFile; fileRef = OBJ_18 /* CellControllerTests.swift */; };
		OBJ_59 /* CellTests.swift in Sources */ = {isa = PBXBuildFile; fileRef = OBJ_19 /* CellTests.swift */; };
		OBJ_60 /* GameOfLifeTests.swift in Sources */ = {isa = PBXBuildFile; fileRef = OBJ_20 /* GameOfLifeTests.swift */; };
		OBJ_61 /* PopulationControllerTests.swift in Sources */ = {isa = PBXBuildFile; fileRef = OBJ_21 /* PopulationControllerTests.swift */; };
		OBJ_63 /* GameOfLifeCore.framework in Frameworks */ = {isa = PBXBuildFile; fileRef = "GameOfLifeCore::GameOfLifeCore::Product" /* GameOfLifeCore.framework */; };
		OBJ_69 /* ConsoleVisualRepresentation.swift in Sources */ = {isa = PBXBuildFile; fileRef = OBJ_9 /* ConsoleVisualRepresentation.swift */; };
		OBJ_70 /* main.swift in Sources */ = {isa = PBXBuildFile; fileRef = OBJ_10 /* main.swift */; };
		OBJ_72 /* GameOfLifeCore.framework in Frameworks */ = {isa = PBXBuildFile; fileRef = "GameOfLifeCore::GameOfLifeCore::Product" /* GameOfLifeCore.framework */; };
/* End PBXBuildFile section */

/* Begin PBXContainerItemProxy section */
		3B30FCBC207261B700F75E0E /* PBXContainerItemProxy */ = {
			isa = PBXContainerItemProxy;
			containerPortal = OBJ_1 /* Project object */;
			proxyType = 1;
			remoteGlobalIDString = "GameOfLifeCore::GameOfLifeCore";
			remoteInfo = GameOfLifeCore;
		};
		3B30FCBD207261B700F75E0E /* PBXContainerItemProxy */ = {
			isa = PBXContainerItemProxy;
			containerPortal = OBJ_1 /* Project object */;
			proxyType = 1;
			remoteGlobalIDString = "GameOfLifeCore::GameOfLifeCore";
			remoteInfo = GameOfLifeCore;
		};
		3B30FCBE207261B800F75E0E /* PBXContainerItemProxy */ = {
			isa = PBXContainerItemProxy;
			containerPortal = OBJ_1 /* Project object */;
			proxyType = 1;
			remoteGlobalIDString = "GameOfLifeCore::gameoflife-cli";
			remoteInfo = "gameoflife-cli";
		};
		3B30FCBF207261B800F75E0E /* PBXContainerItemProxy */ = {
			isa = PBXContainerItemProxy;
			containerPortal = OBJ_1 /* Project object */;
			proxyType = 1;
			remoteGlobalIDString = "GameOfLifeCore::GameOfLifeCoreTests";
			remoteInfo = GameOfLifeCoreTests;
		};
/* End PBXContainerItemProxy section */

/* Begin PBXFileReference section */
		3B30FCF3207263E900F75E0E /* GameOfLifeCoreTouch.framework */ = {isa = PBXFileReference; explicitFileType = wrapper.framework; includeInIndex = 0; path = GameOfLifeCoreTouch.framework; sourceTree = BUILT_PRODUCTS_DIR; };
		3B30FCF5207263E900F75E0E /* GameOfLifeCoreTouch.h */ = {isa = PBXFileReference; lastKnownFileType = sourcecode.c.h; path = GameOfLifeCoreTouch.h; sourceTree = "<group>"; };
		3B30FCF6207263E900F75E0E /* Info.plist */ = {isa = PBXFileReference; lastKnownFileType = text.plist.xml; path = Info.plist; sourceTree = "<group>"; };
		"GameOfLifeCore::GameOfLifeCore::Product" /* GameOfLifeCore.framework */ = {isa = PBXFileReference; explicitFileType = wrapper.framework; path = GameOfLifeCore.framework; sourceTree = BUILT_PRODUCTS_DIR; };
		"GameOfLifeCore::GameOfLifeCoreTests::Product" /* GameOfLifeCoreTests.xctest */ = {isa = PBXFileReference; lastKnownFileType = file; path = GameOfLifeCoreTests.xctest; sourceTree = BUILT_PRODUCTS_DIR; };
		"GameOfLifeCore::gameoflife-cli::Product" /* gameoflife-cli */ = {isa = PBXFileReference; lastKnownFileType = text; path = "gameoflife-cli"; sourceTree = BUILT_PRODUCTS_DIR; };
		OBJ_10 /* main.swift */ = {isa = PBXFileReference; lastKnownFileType = sourcecode.swift; path = main.swift; sourceTree = "<group>"; };
		OBJ_12 /* Cell.swift */ = {isa = PBXFileReference; lastKnownFileType = sourcecode.swift; path = Cell.swift; sourceTree = "<group>"; };
		OBJ_13 /* CellController.swift */ = {isa = PBXFileReference; lastKnownFileType = sourcecode.swift; path = CellController.swift; sourceTree = "<group>"; };
		OBJ_14 /* GameOfLife.swift */ = {isa = PBXFileReference; lastKnownFileType = sourcecode.swift; path = GameOfLife.swift; sourceTree = "<group>"; };
		OBJ_15 /* PopulationController.swift */ = {isa = PBXFileReference; lastKnownFileType = sourcecode.swift; path = PopulationController.swift; sourceTree = "<group>"; };
		OBJ_18 /* CellControllerTests.swift */ = {isa = PBXFileReference; lastKnownFileType = sourcecode.swift; path = CellControllerTests.swift; sourceTree = "<group>"; };
		OBJ_19 /* CellTests.swift */ = {isa = PBXFileReference; lastKnownFileType = sourcecode.swift; path = CellTests.swift; sourceTree = "<group>"; };
		OBJ_20 /* GameOfLifeTests.swift */ = {isa = PBXFileReference; lastKnownFileType = sourcecode.swift; path = GameOfLifeTests.swift; sourceTree = "<group>"; };
		OBJ_21 /* PopulationControllerTests.swift */ = {isa = PBXFileReference; lastKnownFileType = sourcecode.swift; path = PopulationControllerTests.swift; sourceTree = "<group>"; };
		OBJ_6 /* Package.swift */ = {isa = PBXFileReference; explicitFileType = sourcecode.swift; path = Package.swift; sourceTree = "<group>"; };
		OBJ_9 /* ConsoleVisualRepresentation.swift */ = {isa = PBXFileReference; lastKnownFileType = sourcecode.swift; path = ConsoleVisualRepresentation.swift; sourceTree = "<group>"; };
/* End PBXFileReference section */

/* Begin PBXFrameworksBuildPhase section */
		3B30FCEF207263E900F75E0E /* Frameworks */ = {
			isa = PBXFrameworksBuildPhase;
			buildActionMask = 2147483647;
			files = (
			);
			runOnlyForDeploymentPostprocessing = 0;
		};
		OBJ_41 /* Frameworks */ = {
			isa = PBXFrameworksBuildPhase;
			buildActionMask = 0;
			files = (
			);
			runOnlyForDeploymentPostprocessing = 0;
		};
		OBJ_62 /* Frameworks */ = {
			isa = PBXFrameworksBuildPhase;
			buildActionMask = 0;
			files = (
				OBJ_63 /* GameOfLifeCore.framework in Frameworks */,
			);
			runOnlyForDeploymentPostprocessing = 0;
		};
		OBJ_71 /* Frameworks */ = {
			isa = PBXFrameworksBuildPhase;
			buildActionMask = 0;
			files = (
				OBJ_72 /* GameOfLifeCore.framework in Frameworks */,
			);
			runOnlyForDeploymentPostprocessing = 0;
		};
/* End PBXFrameworksBuildPhase section */

/* Begin PBXGroup section */
		3B30FCF4207263E900F75E0E /* GameOfLifeCoreTouch */ = {
			isa = PBXGroup;
			children = (
				3B30FCF5207263E900F75E0E /* GameOfLifeCoreTouch.h */,
				3B30FCF6207263E900F75E0E /* Info.plist */,
			);
			path = GameOfLifeCoreTouch;
			sourceTree = "<group>";
		};
		OBJ_11 /* GameOfLifeCore */ = {
			isa = PBXGroup;
			children = (
				OBJ_12 /* Cell.swift */,
				OBJ_13 /* CellController.swift */,
				OBJ_14 /* GameOfLife.swift */,
				OBJ_15 /* PopulationController.swift */,
			);
			name = GameOfLifeCore;
			path = Sources/GameOfLifeCore;
			sourceTree = SOURCE_ROOT;
		};
		OBJ_16 /* Tests */ = {
			isa = PBXGroup;
			children = (
				OBJ_17 /* GameOfLifeCoreTests */,
			);
			name = Tests;
			sourceTree = SOURCE_ROOT;
		};
		OBJ_17 /* GameOfLifeCoreTests */ = {
			isa = PBXGroup;
			children = (
				OBJ_18 /* CellControllerTests.swift */,
				OBJ_19 /* CellTests.swift */,
				OBJ_20 /* GameOfLifeTests.swift */,
				OBJ_21 /* PopulationControllerTests.swift */,
			);
			name = GameOfLifeCoreTests;
			path = Tests/GameOfLifeCoreTests;
			sourceTree = SOURCE_ROOT;
		};
		OBJ_22 /* Products */ = {
			isa = PBXGroup;
			children = (
				"GameOfLifeCore::GameOfLifeCoreTests::Product" /* GameOfLifeCoreTests.xctest */,
				"GameOfLifeCore::gameoflife-cli::Product" /* gameoflife-cli */,
				"GameOfLifeCore::GameOfLifeCore::Product" /* GameOfLifeCore.framework */,
				3B30FCF3207263E900F75E0E /* GameOfLifeCoreTouch.framework */,
			);
			name = Products;
			sourceTree = BUILT_PRODUCTS_DIR;
		};
		OBJ_5 /*  */ = {
			isa = PBXGroup;
			children = (
				OBJ_6 /* Package.swift */,
				OBJ_7 /* Sources */,
				OBJ_16 /* Tests */,
				3B30FCF4207263E900F75E0E /* GameOfLifeCoreTouch */,
				OBJ_22 /* Products */,
			);
			name = "";
			sourceTree = "<group>";
		};
		OBJ_7 /* Sources */ = {
			isa = PBXGroup;
			children = (
				OBJ_8 /* gameoflife-cli */,
				OBJ_11 /* GameOfLifeCore */,
			);
			name = Sources;
			sourceTree = SOURCE_ROOT;
		};
		OBJ_8 /* gameoflife-cli */ = {
			isa = PBXGroup;
			children = (
				OBJ_9 /* ConsoleVisualRepresentation.swift */,
				OBJ_10 /* main.swift */,
			);
			name = "gameoflife-cli";
			path = "Sources/gameoflife-cli";
			sourceTree = SOURCE_ROOT;
		};
/* End PBXGroup section */

/* Begin PBXHeadersBuildPhase section */
		3B30FCF0207263E900F75E0E /* Headers */ = {
			isa = PBXHeadersBuildPhase;
			buildActionMask = 2147483647;
			files = (
			);
			runOnlyForDeploymentPostprocessing = 0;
		};
/* End PBXHeadersBuildPhase section */

/* Begin PBXNativeTarget section */
		3B30FCF2207263E900F75E0E /* GameOfLifeCoreTouch */ = {
			isa = PBXNativeTarget;
			buildConfigurationList = 3B30FCF8207263E900F75E0E /* Build configuration list for PBXNativeTarget "GameOfLifeCoreTouch" */;
			buildPhases = (
				3B30FCEE207263E900F75E0E /* Sources */,
				3B30FCEF207263E900F75E0E /* Frameworks */,
				3B30FCF0207263E900F75E0E /* Headers */,
				3B30FCF1207263E900F75E0E /* Resources */,
			);
			buildRules = (
			);
			dependencies = (
			);
			name = GameOfLifeCoreTouch;
			productName = GameOfLifeCoreTouch;
			productReference = 3B30FCF3207263E900F75E0E /* GameOfLifeCoreTouch.framework */;
			productType = "com.apple.product-type.framework";
		};
		"GameOfLifeCore::GameOfLifeCore" /* GameOfLifeCore */ = {
			isa = PBXNativeTarget;
			buildConfigurationList = OBJ_33 /* Build configuration list for PBXNativeTarget "GameOfLifeCore" */;
			buildPhases = (
				OBJ_36 /* Sources */,
				OBJ_41 /* Frameworks */,
			);
			buildRules = (
			);
			dependencies = (
			);
			name = GameOfLifeCore;
			productName = GameOfLifeCore;
			productReference = "GameOfLifeCore::GameOfLifeCore::Product" /* GameOfLifeCore.framework */;
			productType = "com.apple.product-type.framework";
		};
		"GameOfLifeCore::GameOfLifeCoreTests" /* GameOfLifeCoreTests */ = {
			isa = PBXNativeTarget;
			buildConfigurationList = OBJ_54 /* Build configuration list for PBXNativeTarget "GameOfLifeCoreTests" */;
			buildPhases = (
				OBJ_57 /* Sources */,
				OBJ_62 /* Frameworks */,
			);
			buildRules = (
			);
			dependencies = (
				OBJ_64 /* PBXTargetDependency */,
			);
			name = GameOfLifeCoreTests;
			productName = GameOfLifeCoreTests;
			productReference = "GameOfLifeCore::GameOfLifeCoreTests::Product" /* GameOfLifeCoreTests.xctest */;
			productType = "com.apple.product-type.bundle.unit-test";
		};
		"GameOfLifeCore::SwiftPMPackageDescription" /* GameOfLifeCorePackageDescription */ = {
			isa = PBXNativeTarget;
			buildConfigurationList = OBJ_43 /* Build configuration list for PBXNativeTarget "GameOfLifeCorePackageDescription" */;
			buildPhases = (
				OBJ_46 /* Sources */,
			);
			buildRules = (
			);
			dependencies = (
			);
			name = GameOfLifeCorePackageDescription;
			productName = GameOfLifeCorePackageDescription;
			productType = "com.apple.product-type.framework";
		};
		"GameOfLifeCore::gameoflife-cli" /* gameoflife-cli */ = {
			isa = PBXNativeTarget;
			buildConfigurationList = OBJ_65 /* Build configuration list for PBXNativeTarget "gameoflife-cli" */;
			buildPhases = (
				OBJ_68 /* Sources */,
				OBJ_71 /* Frameworks */,
			);
			buildRules = (
			);
			dependencies = (
				OBJ_73 /* PBXTargetDependency */,
			);
			name = "gameoflife-cli";
			productName = gameoflife_cli;
			productReference = "GameOfLifeCore::gameoflife-cli::Product" /* gameoflife-cli */;
			productType = "com.apple.product-type.tool";
		};
/* End PBXNativeTarget section */

/* Begin PBXProject section */
		OBJ_1 /* Project object */ = {
			isa = PBXProject;
			attributes = {
				LastUpgradeCheck = 9999;
				TargetAttributes = {
					3B30FCF2207263E900F75E0E = {
						CreatedOnToolsVersion = 9.3;
						DevelopmentTeam = X29V4JPQ55;
						ProvisioningStyle = Automatic;
					};
				};
			};
			buildConfigurationList = OBJ_2 /* Build configuration list for PBXProject "GameOfLifeCore" */;
			compatibilityVersion = "Xcode 3.2";
			developmentRegion = English;
			hasScannedForEncodings = 0;
			knownRegions = (
				en,
			);
			mainGroup = OBJ_5 /*  */;
			productRefGroup = OBJ_22 /* Products */;
			projectDirPath = "";
			projectRoot = "";
			targets = (
				"GameOfLifeCore::GameOfLife-cli::ProductTarget" /* GameOfLife-cli */,
				"GameOfLifeCore::GameOfLifeCore" /* GameOfLifeCore */,
				"GameOfLifeCore::SwiftPMPackageDescription" /* GameOfLifeCorePackageDescription */,
				"GameOfLifeCore::GameOfLifeCorePackageTests::ProductTarget" /* GameOfLifeCorePackageTests */,
				"GameOfLifeCore::GameOfLifeCoreTests" /* GameOfLifeCoreTests */,
				"GameOfLifeCore::gameoflife-cli" /* gameoflife-cli */,
				3B30FCF2207263E900F75E0E /* GameOfLifeCoreTouch */,
			);
		};
/* End PBXProject section */

/* Begin PBXResourcesBuildPhase section */
		3B30FCF1207263E900F75E0E /* Resources */ = {
			isa = PBXResourcesBuildPhase;
			buildActionMask = 2147483647;
			files = (
			);
			runOnlyForDeploymentPostprocessing = 0;
		};
/* End PBXResourcesBuildPhase section */

/* Begin PBXSourcesBuildPhase section */
		3B30FCEE207263E900F75E0E /* Sources */ = {
			isa = PBXSourcesBuildPhase;
			buildActionMask = 2147483647;
			files = (
				3B30FCFE207263FA00F75E0E /* PopulationController.swift in Sources */,
				3B30FCFB207263FA00F75E0E /* Cell.swift in Sources */,
				3B30FCFD207263FA00F75E0E /* GameOfLife.swift in Sources */,
				3B30FCFC207263FA00F75E0E /* CellController.swift in Sources */,
			);
			runOnlyForDeploymentPostprocessing = 0;
		};
		OBJ_36 /* Sources */ = {
			isa = PBXSourcesBuildPhase;
			buildActionMask = 0;
			files = (
				OBJ_37 /* Cell.swift in Sources */,
				OBJ_38 /* CellController.swift in Sources */,
				OBJ_39 /* GameOfLife.swift in Sources */,
				OBJ_40 /* PopulationController.swift in Sources */,
			);
			runOnlyForDeploymentPostprocessing = 0;
		};
		OBJ_46 /* Sources */ = {
			isa = PBXSourcesBuildPhase;
			buildActionMask = 0;
			files = (
				OBJ_47 /* Package.swift in Sources */,
			);
			runOnlyForDeploymentPostprocessing = 0;
		};
		OBJ_57 /* Sources */ = {
			isa = PBXSourcesBuildPhase;
			buildActionMask = 0;
			files = (
				OBJ_58 /* CellControllerTests.swift in Sources */,
				OBJ_59 /* CellTests.swift in Sources */,
				OBJ_60 /* GameOfLifeTests.swift in Sources */,
				OBJ_61 /* PopulationControllerTests.swift in Sources */,
			);
			runOnlyForDeploymentPostprocessing = 0;
		};
		OBJ_68 /* Sources */ = {
			isa = PBXSourcesBuildPhase;
			buildActionMask = 0;
			files = (
				OBJ_69 /* ConsoleVisualRepresentation.swift in Sources */,
				OBJ_70 /* main.swift in Sources */,
			);
			runOnlyForDeploymentPostprocessing = 0;
		};
/* End PBXSourcesBuildPhase section */

/* Begin PBXTargetDependency section */
		OBJ_30 /* PBXTargetDependency */ = {
			isa = PBXTargetDependency;
			target = "GameOfLifeCore::gameoflife-cli" /* gameoflife-cli */;
			targetProxy = 3B30FCBE207261B800F75E0E /* PBXContainerItemProxy */;
		};
		OBJ_52 /* PBXTargetDependency */ = {
			isa = PBXTargetDependency;
			target = "GameOfLifeCore::GameOfLifeCoreTests" /* GameOfLifeCoreTests */;
			targetProxy = 3B30FCBF207261B800F75E0E /* PBXContainerItemProxy */;
		};
		OBJ_64 /* PBXTargetDependency */ = {
			isa = PBXTargetDependency;
			target = "GameOfLifeCore::GameOfLifeCore" /* GameOfLifeCore */;
			targetProxy = 3B30FCBD207261B700F75E0E /* PBXContainerItemProxy */;
		};
		OBJ_73 /* PBXTargetDependency */ = {
			isa = PBXTargetDependency;
			target = "GameOfLifeCore::GameOfLifeCore" /* GameOfLifeCore */;
			targetProxy = 3B30FCBC207261B700F75E0E /* PBXContainerItemProxy */;
		};
/* End PBXTargetDependency section */

/* Begin XCBuildConfiguration section */
		3B30FCF9207263E900F75E0E /* Debug */ = {
			isa = XCBuildConfiguration;
			buildSettings = {
				ALWAYS_SEARCH_USER_PATHS = NO;
				CLANG_ANALYZER_NONNULL = YES;
				CLANG_ANALYZER_NUMBER_OBJECT_CONVERSION = YES_AGGRESSIVE;
				CLANG_CXX_LANGUAGE_STANDARD = "gnu++14";
				CLANG_CXX_LIBRARY = "libc++";
				CLANG_ENABLE_MODULES = YES;
				CLANG_ENABLE_OBJC_WEAK = YES;
				CLANG_WARN_BLOCK_CAPTURE_AUTORELEASING = YES;
				CLANG_WARN_BOOL_CONVERSION = YES;
				CLANG_WARN_COMMA = YES;
				CLANG_WARN_CONSTANT_CONVERSION = YES;
				CLANG_WARN_DEPRECATED_OBJC_IMPLEMENTATIONS = YES;
				CLANG_WARN_DIRECT_OBJC_ISA_USAGE = YES_ERROR;
				CLANG_WARN_DOCUMENTATION_COMMENTS = YES;
				CLANG_WARN_EMPTY_BODY = YES;
				CLANG_WARN_ENUM_CONVERSION = YES;
				CLANG_WARN_INFINITE_RECURSION = YES;
				CLANG_WARN_INT_CONVERSION = YES;
				CLANG_WARN_NON_LITERAL_NULL_CONVERSION = YES;
				CLANG_WARN_OBJC_IMPLICIT_RETAIN_SELF = YES;
				CLANG_WARN_OBJC_LITERAL_CONVERSION = YES;
				CLANG_WARN_OBJC_ROOT_CLASS = YES_ERROR;
				CLANG_WARN_RANGE_LOOP_ANALYSIS = YES;
				CLANG_WARN_STRICT_PROTOTYPES = YES;
				CLANG_WARN_SUSPICIOUS_MOVE = YES;
				CLANG_WARN_UNGUARDED_AVAILABILITY = YES_AGGRESSIVE;
				CLANG_WARN_UNREACHABLE_CODE = YES;
				CLANG_WARN__DUPLICATE_METHOD_MATCH = YES;
				CODE_SIGN_IDENTITY = "iPhone Developer";
				CODE_SIGN_STYLE = Automatic;
				CURRENT_PROJECT_VERSION = 1;
				DEFINES_MODULE = YES;
				DEVELOPMENT_TEAM = X29V4JPQ55;
				DYLIB_COMPATIBILITY_VERSION = 1;
				DYLIB_CURRENT_VERSION = 1;
				DYLIB_INSTALL_NAME_BASE = "@rpath";
				ENABLE_STRICT_OBJC_MSGSEND = YES;
				ENABLE_TESTABILITY = YES;
				GCC_C_LANGUAGE_STANDARD = gnu11;
				GCC_DYNAMIC_NO_PIC = NO;
				GCC_NO_COMMON_BLOCKS = YES;
				GCC_PREPROCESSOR_DEFINITIONS = (
					"DEBUG=1",
					"$(inherited)",
				);
				GCC_WARN_64_TO_32_BIT_CONVERSION = YES;
				GCC_WARN_ABOUT_RETURN_TYPE = YES_ERROR;
				GCC_WARN_UNDECLARED_SELECTOR = YES;
				GCC_WARN_UNINITIALIZED_AUTOS = YES_AGGRESSIVE;
				GCC_WARN_UNUSED_FUNCTION = YES;
				GCC_WARN_UNUSED_VARIABLE = YES;
				INFOPLIST_FILE = GameOfLifeCoreTouch/Info.plist;
				INSTALL_PATH = "$(LOCAL_LIBRARY_DIR)/Frameworks";
				IPHONEOS_DEPLOYMENT_TARGET = 11.3;
				LD_RUNPATH_SEARCH_PATHS = "$(inherited) @executable_path/Frameworks @loader_path/Frameworks";
				MTL_ENABLE_DEBUG_INFO = YES;
				PRODUCT_BUNDLE_IDENTIFIER = com.elbedev.GameOfLifeCoreTouch;
				PRODUCT_NAME = "$(TARGET_NAME:c99extidentifier)";
				SDKROOT = iphoneos;
				SKIP_INSTALL = YES;
				SWIFT_ACTIVE_COMPILATION_CONDITIONS = DEBUG;
				SWIFT_VERSION = 4.0;
				TARGETED_DEVICE_FAMILY = "1,2";
				VERSIONING_SYSTEM = "apple-generic";
				VERSION_INFO_PREFIX = "";
			};
			name = Debug;
		};
		3B30FCFA207263E900F75E0E /* Release */ = {
			isa = XCBuildConfiguration;
			buildSettings = {
				ALWAYS_SEARCH_USER_PATHS = NO;
				CLANG_ANALYZER_NONNULL = YES;
				CLANG_ANALYZER_NUMBER_OBJECT_CONVERSION = YES_AGGRESSIVE;
				CLANG_CXX_LANGUAGE_STANDARD = "gnu++14";
				CLANG_CXX_LIBRARY = "libc++";
				CLANG_ENABLE_MODULES = YES;
				CLANG_ENABLE_OBJC_WEAK = YES;
				CLANG_WARN_BLOCK_CAPTURE_AUTORELEASING = YES;
				CLANG_WARN_BOOL_CONVERSION = YES;
				CLANG_WARN_COMMA = YES;
				CLANG_WARN_CONSTANT_CONVERSION = YES;
				CLANG_WARN_DEPRECATED_OBJC_IMPLEMENTATIONS = YES;
				CLANG_WARN_DIRECT_OBJC_ISA_USAGE = YES_ERROR;
				CLANG_WARN_DOCUMENTATION_COMMENTS = YES;
				CLANG_WARN_EMPTY_BODY = YES;
				CLANG_WARN_ENUM_CONVERSION = YES;
				CLANG_WARN_INFINITE_RECURSION = YES;
				CLANG_WARN_INT_CONVERSION = YES;
				CLANG_WARN_NON_LITERAL_NULL_CONVERSION = YES;
				CLANG_WARN_OBJC_IMPLICIT_RETAIN_SELF = YES;
				CLANG_WARN_OBJC_LITERAL_CONVERSION = YES;
				CLANG_WARN_OBJC_ROOT_CLASS = YES_ERROR;
				CLANG_WARN_RANGE_LOOP_ANALYSIS = YES;
				CLANG_WARN_STRICT_PROTOTYPES = YES;
				CLANG_WARN_SUSPICIOUS_MOVE = YES;
				CLANG_WARN_UNGUARDED_AVAILABILITY = YES_AGGRESSIVE;
				CLANG_WARN_UNREACHABLE_CODE = YES;
				CLANG_WARN__DUPLICATE_METHOD_MATCH = YES;
				CODE_SIGN_IDENTITY = "iPhone Developer";
				CODE_SIGN_STYLE = Automatic;
				COPY_PHASE_STRIP = NO;
				CURRENT_PROJECT_VERSION = 1;
				DEFINES_MODULE = YES;
				DEVELOPMENT_TEAM = X29V4JPQ55;
				DYLIB_COMPATIBILITY_VERSION = 1;
				DYLIB_CURRENT_VERSION = 1;
				DYLIB_INSTALL_NAME_BASE = "@rpath";
				ENABLE_NS_ASSERTIONS = NO;
				ENABLE_STRICT_OBJC_MSGSEND = YES;
				GCC_C_LANGUAGE_STANDARD = gnu11;
				GCC_NO_COMMON_BLOCKS = YES;
				GCC_WARN_64_TO_32_BIT_CONVERSION = YES;
				GCC_WARN_ABOUT_RETURN_TYPE = YES_ERROR;
				GCC_WARN_UNDECLARED_SELECTOR = YES;
				GCC_WARN_UNINITIALIZED_AUTOS = YES_AGGRESSIVE;
				GCC_WARN_UNUSED_FUNCTION = YES;
				GCC_WARN_UNUSED_VARIABLE = YES;
				INFOPLIST_FILE = GameOfLifeCoreTouch/Info.plist;
				INSTALL_PATH = "$(LOCAL_LIBRARY_DIR)/Frameworks";
				IPHONEOS_DEPLOYMENT_TARGET = 11.3;
				LD_RUNPATH_SEARCH_PATHS = "$(inherited) @executable_path/Frameworks @loader_path/Frameworks";
				MTL_ENABLE_DEBUG_INFO = NO;
				PRODUCT_BUNDLE_IDENTIFIER = com.elbedev.GameOfLifeCoreTouch;
				PRODUCT_NAME = "$(TARGET_NAME:c99extidentifier)";
				SDKROOT = iphoneos;
				SKIP_INSTALL = YES;
				SWIFT_VERSION = 4.0;
				TARGETED_DEVICE_FAMILY = "1,2";
				VALIDATE_PRODUCT = YES;
				VERSIONING_SYSTEM = "apple-generic";
				VERSION_INFO_PREFIX = "";
			};
			name = Release;
		};
		OBJ_28 /* Debug */ = {
			isa = XCBuildConfiguration;
			buildSettings = {
			};
			name = Debug;
		};
		OBJ_29 /* Release */ = {
			isa = XCBuildConfiguration;
			buildSettings = {
			};
			name = Release;
		};
		OBJ_3 /* Debug */ = {
			isa = XCBuildConfiguration;
			buildSettings = {
				CLANG_ENABLE_OBJC_ARC = YES;
				COMBINE_HIDPI_IMAGES = YES;
				COPY_PHASE_STRIP = NO;
				DEBUG_INFORMATION_FORMAT = dwarf;
				DYLIB_INSTALL_NAME_BASE = "@rpath";
				ENABLE_NS_ASSERTIONS = YES;
				GCC_OPTIMIZATION_LEVEL = 0;
				MACOSX_DEPLOYMENT_TARGET = 10.10;
				ONLY_ACTIVE_ARCH = YES;
				OTHER_SWIFT_FLAGS = "-DXcode";
				PRODUCT_NAME = "$(TARGET_NAME)";
				SDKROOT = macosx;
				SUPPORTED_PLATFORMS = "macosx iphoneos iphonesimulator appletvos appletvsimulator watchos watchsimulator";
				SWIFT_ACTIVE_COMPILATION_CONDITIONS = SWIFT_PACKAGE;
				SWIFT_OPTIMIZATION_LEVEL = "-Onone";
				USE_HEADERMAP = NO;
			};
			name = Debug;
		};
		OBJ_34 /* Debug */ = {
			isa = XCBuildConfiguration;
			buildSettings = {
				ENABLE_TESTABILITY = YES;
				FRAMEWORK_SEARCH_PATHS = (
					"$(inherited)",
					"$(PLATFORM_DIR)/Developer/Library/Frameworks",
				);
				HEADER_SEARCH_PATHS = "$(inherited)";
				INFOPLIST_FILE = GameOfLifeCore.xcodeproj/GameOfLifeCore_Info.plist;
				LD_RUNPATH_SEARCH_PATHS = "$(inherited) $(TOOLCHAIN_DIR)/usr/lib/swift/macosx";
				OTHER_CFLAGS = "$(inherited)";
				OTHER_LDFLAGS = "$(inherited)";
				OTHER_SWIFT_FLAGS = "$(inherited)";
				PRODUCT_BUNDLE_IDENTIFIER = GameOfLifeCore;
				PRODUCT_MODULE_NAME = "$(TARGET_NAME:c99extidentifier)";
				PRODUCT_NAME = "$(TARGET_NAME:c99extidentifier)";
				SKIP_INSTALL = YES;
				SWIFT_VERSION = 4.0;
				TARGET_NAME = GameOfLifeCore;
			};
			name = Debug;
		};
		OBJ_35 /* Release */ = {
			isa = XCBuildConfiguration;
			buildSettings = {
				ENABLE_TESTABILITY = YES;
				FRAMEWORK_SEARCH_PATHS = (
					"$(inherited)",
					"$(PLATFORM_DIR)/Developer/Library/Frameworks",
				);
				HEADER_SEARCH_PATHS = "$(inherited)";
				INFOPLIST_FILE = GameOfLifeCore.xcodeproj/GameOfLifeCore_Info.plist;
				LD_RUNPATH_SEARCH_PATHS = "$(inherited) $(TOOLCHAIN_DIR)/usr/lib/swift/macosx";
				OTHER_CFLAGS = "$(inherited)";
				OTHER_LDFLAGS = "$(inherited)";
				OTHER_SWIFT_FLAGS = "$(inherited)";
				PRODUCT_BUNDLE_IDENTIFIER = GameOfLifeCore;
				PRODUCT_MODULE_NAME = "$(TARGET_NAME:c99extidentifier)";
				PRODUCT_NAME = "$(TARGET_NAME:c99extidentifier)";
				SKIP_INSTALL = YES;
				SWIFT_VERSION = 4.0;
				TARGET_NAME = GameOfLifeCore;
			};
			name = Release;
		};
		OBJ_4 /* Release */ = {
			isa = XCBuildConfiguration;
			buildSettings = {
				CLANG_ENABLE_OBJC_ARC = YES;
				COMBINE_HIDPI_IMAGES = YES;
				COPY_PHASE_STRIP = YES;
				DEBUG_INFORMATION_FORMAT = "dwarf-with-dsym";
				DYLIB_INSTALL_NAME_BASE = "@rpath";
				GCC_OPTIMIZATION_LEVEL = s;
				MACOSX_DEPLOYMENT_TARGET = 10.10;
				OTHER_SWIFT_FLAGS = "-DXcode";
				PRODUCT_NAME = "$(TARGET_NAME)";
				SDKROOT = macosx;
				SUPPORTED_PLATFORMS = "macosx iphoneos iphonesimulator appletvos appletvsimulator watchos watchsimulator";
				SWIFT_ACTIVE_COMPILATION_CONDITIONS = SWIFT_PACKAGE;
				SWIFT_OPTIMIZATION_LEVEL = "-Owholemodule";
				USE_HEADERMAP = NO;
			};
			name = Release;
		};
		OBJ_44 /* Debug */ = {
			isa = XCBuildConfiguration;
			buildSettings = {
				LD = /usr/bin/true;
				OTHER_SWIFT_FLAGS = "-swift-version 4 -I $(TOOLCHAIN_DIR)/usr/lib/swift/pm/4 -target x86_64-apple-macosx10.10 -sdk /Applications/Xcode.app/Contents/Developer/Platforms/MacOSX.platform/Developer/SDKs/MacOSX10.13.sdk";
				SWIFT_VERSION = 4.0;
			};
			name = Debug;
		};
		OBJ_45 /* Release */ = {
			isa = XCBuildConfiguration;
			buildSettings = {
				LD = /usr/bin/true;
				OTHER_SWIFT_FLAGS = "-swift-version 4 -I $(TOOLCHAIN_DIR)/usr/lib/swift/pm/4 -target x86_64-apple-macosx10.10 -sdk /Applications/Xcode.app/Contents/Developer/Platforms/MacOSX.platform/Developer/SDKs/MacOSX10.13.sdk";
				SWIFT_VERSION = 4.0;
			};
			name = Release;
		};
		OBJ_50 /* Debug */ = {
			isa = XCBuildConfiguration;
			buildSettings = {
			};
			name = Debug;
		};
		OBJ_51 /* Release */ = {
			isa = XCBuildConfiguration;
			buildSettings = {
			};
			name = Release;
		};
		OBJ_55 /* Debug */ = {
			isa = XCBuildConfiguration;
			buildSettings = {
				EMBEDDED_CONTENT_CONTAINS_SWIFT = YES;
				FRAMEWORK_SEARCH_PATHS = (
					"$(inherited)",
					"$(PLATFORM_DIR)/Developer/Library/Frameworks",
				);
				HEADER_SEARCH_PATHS = "$(inherited)";
				INFOPLIST_FILE = GameOfLifeCore.xcodeproj/GameOfLifeCoreTests_Info.plist;
				LD_RUNPATH_SEARCH_PATHS = "$(inherited) @loader_path/../Frameworks @loader_path/Frameworks";
				OTHER_CFLAGS = "$(inherited)";
				OTHER_LDFLAGS = "$(inherited)";
				OTHER_SWIFT_FLAGS = "$(inherited)";
				SWIFT_VERSION = 4.0;
				TARGET_NAME = GameOfLifeCoreTests;
			};
			name = Debug;
		};
		OBJ_56 /* Release */ = {
			isa = XCBuildConfiguration;
			buildSettings = {
				EMBEDDED_CONTENT_CONTAINS_SWIFT = YES;
				FRAMEWORK_SEARCH_PATHS = (
					"$(inherited)",
					"$(PLATFORM_DIR)/Developer/Library/Frameworks",
				);
				HEADER_SEARCH_PATHS = "$(inherited)";
				INFOPLIST_FILE = GameOfLifeCore.xcodeproj/GameOfLifeCoreTests_Info.plist;
				LD_RUNPATH_SEARCH_PATHS = "$(inherited) @loader_path/../Frameworks @loader_path/Frameworks";
				OTHER_CFLAGS = "$(inherited)";
				OTHER_LDFLAGS = "$(inherited)";
				OTHER_SWIFT_FLAGS = "$(inherited)";
				SWIFT_VERSION = 4.0;
				TARGET_NAME = GameOfLifeCoreTests;
			};
			name = Release;
		};
		OBJ_66 /* Debug */ = {
			isa = XCBuildConfiguration;
			buildSettings = {
				FRAMEWORK_SEARCH_PATHS = (
					"$(inherited)",
					"$(PLATFORM_DIR)/Developer/Library/Frameworks",
				);
				HEADER_SEARCH_PATHS = "$(inherited)";
				INFOPLIST_FILE = GameOfLifeCore.xcodeproj/gameoflife_cli_Info.plist;
				LD_RUNPATH_SEARCH_PATHS = "$(inherited) $(TOOLCHAIN_DIR)/usr/lib/swift/macosx @executable_path";
				OTHER_CFLAGS = "$(inherited)";
				OTHER_LDFLAGS = "$(inherited)";
				OTHER_SWIFT_FLAGS = "$(inherited)";
				SWIFT_FORCE_DYNAMIC_LINK_STDLIB = YES;
				SWIFT_FORCE_STATIC_LINK_STDLIB = NO;
				SWIFT_VERSION = 4.0;
				TARGET_NAME = "gameoflife-cli";
			};
			name = Debug;
		};
		OBJ_67 /* Release */ = {
			isa = XCBuildConfiguration;
			buildSettings = {
				FRAMEWORK_SEARCH_PATHS = (
					"$(inherited)",
					"$(PLATFORM_DIR)/Developer/Library/Frameworks",
				);
				HEADER_SEARCH_PATHS = "$(inherited)";
				INFOPLIST_FILE = GameOfLifeCore.xcodeproj/gameoflife_cli_Info.plist;
				LD_RUNPATH_SEARCH_PATHS = "$(inherited) $(TOOLCHAIN_DIR)/usr/lib/swift/macosx @executable_path";
				OTHER_CFLAGS = "$(inherited)";
				OTHER_LDFLAGS = "$(inherited)";
				OTHER_SWIFT_FLAGS = "$(inherited)";
				SWIFT_FORCE_DYNAMIC_LINK_STDLIB = YES;
				SWIFT_FORCE_STATIC_LINK_STDLIB = NO;
				SWIFT_VERSION = 4.0;
				TARGET_NAME = "gameoflife-cli";
			};
			name = Release;
		};
/* End XCBuildConfiguration section */

/* Begin XCConfigurationList section */
		3B30FCF8207263E900F75E0E /* Build configuration list for PBXNativeTarget "GameOfLifeCoreTouch" */ = {
			isa = XCConfigurationList;
			buildConfigurations = (
				3B30FCF9207263E900F75E0E /* Debug */,
				3B30FCFA207263E900F75E0E /* Release */,
			);
			defaultConfigurationIsVisible = 0;
			defaultConfigurationName = Release;
		};
		OBJ_2 /* Build configuration list for PBXProject "GameOfLifeCore" */ = {
			isa = XCConfigurationList;
			buildConfigurations = (
				OBJ_3 /* Debug */,
				OBJ_4 /* Release */,
			);
			defaultConfigurationIsVisible = 0;
			defaultConfigurationName = Release;
		};
		OBJ_27 /* Build configuration list for PBXAggregateTarget "GameOfLife-cli" */ = {
			isa = XCConfigurationList;
			buildConfigurations = (
				OBJ_28 /* Debug */,
				OBJ_29 /* Release */,
			);
			defaultConfigurationIsVisible = 0;
			defaultConfigurationName = Release;
		};
		OBJ_33 /* Build configuration list for PBXNativeTarget "GameOfLifeCore" */ = {
			isa = XCConfigurationList;
			buildConfigurations = (
				OBJ_34 /* Debug */,
				OBJ_35 /* Release */,
			);
			defaultConfigurationIsVisible = 0;
			defaultConfigurationName = Release;
		};
		OBJ_43 /* Build configuration list for PBXNativeTarget "GameOfLifeCorePackageDescription" */ = {
			isa = XCConfigurationList;
			buildConfigurations = (
				OBJ_44 /* Debug */,
				OBJ_45 /* Release */,
			);
			defaultConfigurationIsVisible = 0;
			defaultConfigurationName = Release;
		};
		OBJ_49 /* Build configuration list for PBXAggregateTarget "GameOfLifeCorePackageTests" */ = {
			isa = XCConfigurationList;
			buildConfigurations = (
				OBJ_50 /* Debug */,
				OBJ_51 /* Release */,
			);
			defaultConfigurationIsVisible = 0;
			defaultConfigurationName = Release;
		};
		OBJ_54 /* Build configuration list for PBXNativeTarget "GameOfLifeCoreTests" */ = {
			isa = XCConfigurationList;
			buildConfigurations = (
				OBJ_55 /* Debug */,
				OBJ_56 /* Release */,
			);
			defaultConfigurationIsVisible = 0;
			defaultConfigurationName = Release;
		};
		OBJ_65 /* Build configuration list for PBXNativeTarget "gameoflife-cli" */ = {
			isa = XCConfigurationList;
			buildConfigurations = (
				OBJ_66 /* Debug */,
				OBJ_67 /* Release */,
			);
			defaultConfigurationIsVisible = 0;
			defaultConfigurationName = Release;
		};
/* End XCConfigurationList section */
	};
	rootObject = OBJ_1 /* Project object */;
}
